
Microsoft Visual Studio Solution File, Format Version 12.00
# Visual Studio Version 17
VisualStudioVersion = 17.5.002.0
MinimumVisualStudioVersion = 10.0.40219.1
Project("{2150E333-8FDC-42A3-9474-1A3956D46DE8}") = "csharp-prep", "csharp-prep", "{FBEDCA24-4D34-493A-B66F-1121D8F8CCAA}"
EndProject
Project("{9A19103F-16F7-4668-BE54-9A1E7A4F7556}") = "Prep1", "csharp-prep\Prep1\Prep1.csproj", "{D82E8092-830B-4AA0-AB99-50A2748F0242}"
EndProject
Project("{9A19103F-16F7-4668-BE54-9A1E7A4F7556}") = "Prep2", "csharp-prep\Prep2\Prep2.csproj", "{20157339-17C4-4296-86FA-637A073D0B5D}"
EndProject
Project("{9A19103F-16F7-4668-BE54-9A1E7A4F7556}") = "Prep3", "csharp-prep\Prep3\Prep3.csproj", "{07DA4D4E-1714-40CE-A1EF-CD4AE0DEA730}"
EndProject
Project("{9A19103F-16F7-4668-BE54-9A1E7A4F7556}") = "Prep4", "csharp-prep\Prep4\Prep4.csproj", "{5FD1E506-4713-4C3A-805C-0EEF425682A0}"
EndProject
Project("{9A19103F-16F7-4668-BE54-9A1E7A4F7556}") = "Prep5", "csharp-prep\Prep5\Prep5.csproj", "{859BF7E4-2127-4510-B64E-23728E92842A}"
EndProject
Project("{2150E333-8FDC-42A3-9474-1A3956D46DE8}") = "final", "final", "{BD2FC8DE-3AD2-4189-92D7-253F1CC8F44D}"
EndProject
Project("{9A19103F-16F7-4668-BE54-9A1E7A4F7556}") = "FinalProject", "final\FinalProject\FinalProject.csproj", "{DCC1E15E-8B38-4C5A-ACEE-40C081927502}"
EndProject
Project("{9A19103F-16F7-4668-BE54-9A1E7A4F7556}") = "Foundation1", "final\Foundation1\Foundation1.csproj", "{6469C13B-9927-4E73-BA97-5270A07DDFBB}"
EndProject
Project("{9A19103F-16F7-4668-BE54-9A1E7A4F7556}") = "Foundation2", "final\Foundation2\Foundation2.csproj", "{D1E29652-01E6-4F80-A186-04220E377F06}"
EndProject
Project("{9A19103F-16F7-4668-BE54-9A1E7A4F7556}") = "Foundation3", "final\Foundation3\Foundation3.csproj", "{C85136C3-D1EC-419F-8649-37AFB4C4C616}"
EndProject
Project("{9A19103F-16F7-4668-BE54-9A1E7A4F7556}") = "Foundation4", "final\Foundation4\Foundation4.csproj", "{CF32C13B-7646-43E6-B01E-46F7C75F3FF2}"
EndProject
Project("{2150E333-8FDC-42A3-9474-1A3956D46DE8}") = "prepare", "prepare", "{B7FC529C-7C1C-43D5-9468-0C1EF903C268}"
EndProject
Project("{9A19103F-16F7-4668-BE54-9A1E7A4F7556}") = "Learning02", "prepare\Learning02\Learning02.csproj", "{C668278B-57FA-4F4E-BC55-EA886ABB2837}"
EndProject
Project("{9A19103F-16F7-4668-BE54-9A1E7A4F7556}") = "Learning03", "prepare\Learning03\Learning03.csproj", "{844A9588-40D2-46C2-BD11-C9BFA3967605}"
EndProject
Project("{9A19103F-16F7-4668-BE54-9A1E7A4F7556}") = "Learning04", "prepare\Learning04\Learning04.csproj", "{80F5C428-99AA-43CF-9502-44E5A7A3A8EB}"
EndProject
Project("{9A19103F-16F7-4668-BE54-9A1E7A4F7556}") = "Learning05", "prepare\Learning05\Learning05.csproj", "{F2A1C915-759A-4639-8F2F-80416E7EED9E}"
EndProject
Project("{2150E333-8FDC-42A3-9474-1A3956D46DE8}") = "prove", "prove", "{49059DC4-DDFB-4756-A98D-F6D763A7900C}"
EndProject
Project("{9A19103F-16F7-4668-BE54-9A1E7A4F7556}") = "Develop02", "prove\Develop02\Develop02.csproj", "{B2ACFC28-F036-4084-A1F5-8F0F60FFB03F}"
EndProject
Project("{9A19103F-16F7-4668-BE54-9A1E7A4F7556}") = "Develop03", "prove\Develop03\Develop03.csproj", "{A8349F75-2879-47E0-8291-D9338AF54B38}"
EndProject
Project("{9A19103F-16F7-4668-BE54-9A1E7A4F7556}") = "Develop04", "prove\Develop04\Develop04.csproj", "{A754AF17-8746-4FAA-860F-72BBD8390917}"
EndProject
Project("{9A19103F-16F7-4668-BE54-9A1E7A4F7556}") = "Develop05", "prove\Develop05\Develop05.csproj", "{D047C217-4478-4D67-A73D-233B8E41E047}"
EndProject
Project("{2150E333-8FDC-42A3-9474-1A3956D46DE8}") = "sandbox", "sandbox", "{BCEAF188-F553-45C5-8ED1-A0C69FC94ACD}"
EndProject
Project("{9A19103F-16F7-4668-BE54-9A1E7A4F7556}") = "Sandbox", "sandbox\Sandbox\Sandbox.csproj", "{158F5764-61EE-4556-AD51-7C4E9D72D82D}"
EndProject
Global
	GlobalSection(SolutionConfigurationPlatforms) = preSolution
		Debug|Any CPU = Debug|Any CPU
		Release|Any CPU = Release|Any CPU
	EndGlobalSection
	GlobalSection(ProjectConfigurationPlatforms) = postSolution
		{D82E8092-830B-4AA0-AB99-50A2748F0242}.Debug|Any CPU.ActiveCfg = Debug|Any CPU
		{D82E8092-830B-4AA0-AB99-50A2748F0242}.Debug|Any CPU.Build.0 = Debug|Any CPU
		{D82E8092-830B-4AA0-AB99-50A2748F0242}.Release|Any CPU.ActiveCfg = Release|Any CPU
		{D82E8092-830B-4AA0-AB99-50A2748F0242}.Release|Any CPU.Build.0 = Release|Any CPU
		{20157339-17C4-4296-86FA-637A073D0B5D}.Debug|Any CPU.ActiveCfg = Debug|Any CPU
		{20157339-17C4-4296-86FA-637A073D0B5D}.Debug|Any CPU.Build.0 = Debug|Any CPU
		{20157339-17C4-4296-86FA-637A073D0B5D}.Release|Any CPU.ActiveCfg = Release|Any CPU
		{20157339-17C4-4296-86FA-637A073D0B5D}.Release|Any CPU.Build.0 = Release|Any CPU
		{07DA4D4E-1714-40CE-A1EF-CD4AE0DEA730}.Debug|Any CPU.ActiveCfg = Debug|Any CPU
		{07DA4D4E-1714-40CE-A1EF-CD4AE0DEA730}.Debug|Any CPU.Build.0 = Debug|Any CPU
		{07DA4D4E-1714-40CE-A1EF-CD4AE0DEA730}.Release|Any CPU.ActiveCfg = Release|Any CPU
		{07DA4D4E-1714-40CE-A1EF-CD4AE0DEA730}.Release|Any CPU.Build.0 = Release|Any CPU
		{5FD1E506-4713-4C3A-805C-0EEF425682A0}.Debug|Any CPU.ActiveCfg = Debug|Any CPU
		{5FD1E506-4713-4C3A-805C-0EEF425682A0}.Debug|Any CPU.Build.0 = Debug|Any CPU
		{5FD1E506-4713-4C3A-805C-0EEF425682A0}.Release|Any CPU.ActiveCfg = Release|Any CPU
		{5FD1E506-4713-4C3A-805C-0EEF425682A0}.Release|Any CPU.Build.0 = Release|Any CPU
		{859BF7E4-2127-4510-B64E-23728E92842A}.Debug|Any CPU.ActiveCfg = Debug|Any CPU
		{859BF7E4-2127-4510-B64E-23728E92842A}.Debug|Any CPU.Build.0 = Debug|Any CPU
		{859BF7E4-2127-4510-B64E-23728E92842A}.Release|Any CPU.ActiveCfg = Release|Any CPU
		{859BF7E4-2127-4510-B64E-23728E92842A}.Release|Any CPU.Build.0 = Release|Any CPU
		{DCC1E15E-8B38-4C5A-ACEE-40C081927502}.Debug|Any CPU.ActiveCfg = Debug|Any CPU
		{DCC1E15E-8B38-4C5A-ACEE-40C081927502}.Debug|Any CPU.Build.0 = Debug|Any CPU
		{DCC1E15E-8B38-4C5A-ACEE-40C081927502}.Release|Any CPU.ActiveCfg = Release|Any CPU
		{DCC1E15E-8B38-4C5A-ACEE-40C081927502}.Release|Any CPU.Build.0 = Release|Any CPU
		{6469C13B-9927-4E73-BA97-5270A07DDFBB}.Debug|Any CPU.ActiveCfg = Debug|Any CPU
		{6469C13B-9927-4E73-BA97-5270A07DDFBB}.Debug|Any CPU.Build.0 = Debug|Any CPU
		{6469C13B-9927-4E73-BA97-5270A07DDFBB}.Release|Any CPU.ActiveCfg = Release|Any CPU
		{6469C13B-9927-4E73-BA97-5270A07DDFBB}.Release|Any CPU.Build.0 = Release|Any CPU
		{D1E29652-01E6-4F80-A186-04220E377F06}.Debug|Any CPU.ActiveCfg = Debug|Any CPU
		{D1E29652-01E6-4F80-A186-04220E377F06}.Debug|Any CPU.Build.0 = Debug|Any CPU
		{D1E29652-01E6-4F80-A186-04220E377F06}.Release|Any CPU.ActiveCfg = Release|Any CPU
		{D1E29652-01E6-4F80-A186-04220E377F06}.Release|Any CPU.Build.0 = Release|Any CPU
		{C85136C3-D1EC-419F-8649-37AFB4C4C616}.Debug|Any CPU.ActiveCfg = Debug|Any CPU
		{C85136C3-D1EC-419F-8649-37AFB4C4C616}.Debug|Any CPU.Build.0 = Debug|Any CPU
		{C85136C3-D1EC-419F-8649-37AFB4C4C616}.Release|Any CPU.ActiveCfg = Release|Any CPU
		{C85136C3-D1EC-419F-8649-37AFB4C4C616}.Release|Any CPU.Build.0 = Release|Any CPU
		{CF32C13B-7646-43E6-B01E-46F7C75F3FF2}.Debug|Any CPU.ActiveCfg = Debug|Any CPU
		{CF32C13B-7646-43E6-B01E-46F7C75F3FF2}.Debug|Any CPU.Build.0 = Debug|Any CPU
		{CF32C13B-7646-43E6-B01E-46F7C75F3FF2}.Release|Any CPU.ActiveCfg = Release|Any CPU
		{CF32C13B-7646-43E6-B01E-46F7C75F3FF2}.Release|Any CPU.Build.0 = Release|Any CPU
		{C668278B-57FA-4F4E-BC55-EA886ABB2837}.Debug|Any CPU.ActiveCfg = Debug|Any CPU
		{C668278B-57FA-4F4E-BC55-EA886ABB2837}.Debug|Any CPU.Build.0 = Debug|Any CPU
		{C668278B-57FA-4F4E-BC55-EA886ABB2837}.Release|Any CPU.ActiveCfg = Release|Any CPU
		{C668278B-57FA-4F4E-BC55-EA886ABB2837}.Release|Any CPU.Build.0 = Release|Any CPU
		{844A9588-40D2-46C2-BD11-C9BFA3967605}.Debug|Any CPU.ActiveCfg = Debug|Any CPU
		{844A9588-40D2-46C2-BD11-C9BFA3967605}.Debug|Any CPU.Build.0 = Debug|Any CPU
		{844A9588-40D2-46C2-BD11-C9BFA3967605}.Release|Any CPU.ActiveCfg = Release|Any CPU
		{844A9588-40D2-46C2-BD11-C9BFA3967605}.Release|Any CPU.Build.0 = Release|Any CPU
		{80F5C428-99AA-43CF-9502-44E5A7A3A8EB}.Debug|Any CPU.ActiveCfg = Debug|Any CPU
		{80F5C428-99AA-43CF-9502-44E5A7A3A8EB}.Debug|Any CPU.Build.0 = Debug|Any CPU
		{80F5C428-99AA-43CF-9502-44E5A7A3A8EB}.Release|Any CPU.ActiveCfg = Release|Any CPU
		{80F5C428-99AA-43CF-9502-44E5A7A3A8EB}.Release|Any CPU.Build.0 = Release|Any CPU
		{F2A1C915-759A-4639-8F2F-80416E7EED9E}.Debug|Any CPU.ActiveCfg = Debug|Any CPU
		{F2A1C915-759A-4639-8F2F-80416E7EED9E}.Debug|Any CPU.Build.0 = Debug|Any CPU
		{F2A1C915-759A-4639-8F2F-80416E7EED9E}.Release|Any CPU.ActiveCfg = Release|Any CPU
		{F2A1C915-759A-4639-8F2F-80416E7EED9E}.Release|Any CPU.Build.0 = Release|Any CPU
		{B2ACFC28-F036-4084-A1F5-8F0F60FFB03F}.Debug|Any CPU.ActiveCfg = Debug|Any CPU
		{B2ACFC28-F036-4084-A1F5-8F0F60FFB03F}.Debug|Any CPU.Build.0 = Debug|Any CPU
		{B2ACFC28-F036-4084-A1F5-8F0F60FFB03F}.Release|Any CPU.ActiveCfg = Release|Any CPU
		{B2ACFC28-F036-4084-A1F5-8F0F60FFB03F}.Release|Any CPU.Build.0 = Release|Any CPU
		{A8349F75-2879-47E0-8291-D9338AF54B38}.Debug|Any CPU.ActiveCfg = Debug|Any CPU
		{A8349F75-2879-47E0-8291-D9338AF54B38}.Debug|Any CPU.Build.0 = Debug|Any CPU
		{A8349F75-2879-47E0-8291-D9338AF54B38}.Release|Any CPU.ActiveCfg = Release|Any CPU
		{A8349F75-2879-47E0-8291-D9338AF54B38}.Release|Any CPU.Build.0 = Release|Any CPU
		{A754AF17-8746-4FAA-860F-72BBD8390917}.Debug|Any CPU.ActiveCfg = Debug|Any CPU
		{A754AF17-8746-4FAA-860F-72BBD8390917}.Debug|Any CPU.Build.0 = Debug|Any CPU
		{A754AF17-8746-4FAA-860F-72BBD8390917}.Release|Any CPU.ActiveCfg = Release|Any CPU
		{A754AF17-8746-4FAA-860F-72BBD8390917}.Release|Any CPU.Build.0 = Release|Any CPU
		{D047C217-4478-4D67-A73D-233B8E41E047}.Debug|Any CPU.ActiveCfg = Debug|Any CPU
		{D047C217-4478-4D67-A73D-233B8E41E047}.Debug|Any CPU.Build.0 = Debug|Any CPU
		{D047C217-4478-4D67-A73D-233B8E41E047}.Release|Any CPU.ActiveCfg = Release|Any CPU
		{D047C217-4478-4D67-A73D-233B8E41E047}.Release|Any CPU.Build.0 = Release|Any CPU
		{158F5764-61EE-4556-AD51-7C4E9D72D82D}.Debug|Any CPU.ActiveCfg = Debug|Any CPU
		{158F5764-61EE-4556-AD51-7C4E9D72D82D}.Debug|Any CPU.Build.0 = Debug|Any CPU
		{158F5764-61EE-4556-AD51-7C4E9D72D82D}.Release|Any CPU.ActiveCfg = Release|Any CPU
		{158F5764-61EE-4556-AD51-7C4E9D72D82D}.Release|Any CPU.Build.0 = Release|Any CPU
	EndGlobalSection
	GlobalSection(SolutionProperties) = preSolution
		HideSolutionNode = FALSE
	EndGlobalSection
	GlobalSection(NestedProjects) = preSolution
		{D82E8092-830B-4AA0-AB99-50A2748F0242} = {FBEDCA24-4D34-493A-B66F-1121D8F8CCAA}
		{20157339-17C4-4296-86FA-637A073D0B5D} = {FBEDCA24-4D34-493A-B66F-1121D8F8CCAA}
		{07DA4D4E-1714-40CE-A1EF-CD4AE0DEA730} = {FBEDCA24-4D34-493A-B66F-1121D8F8CCAA}
		{5FD1E506-4713-4C3A-805C-0EEF425682A0} = {FBEDCA24-4D34-493A-B66F-1121D8F8CCAA}
		{859BF7E4-2127-4510-B64E-23728E92842A} = {FBEDCA24-4D34-493A-B66F-1121D8F8CCAA}
		{DCC1E15E-8B38-4C5A-ACEE-40C081927502} = {BD2FC8DE-3AD2-4189-92D7-253F1CC8F44D}
		{6469C13B-9927-4E73-BA97-5270A07DDFBB} = {BD2FC8DE-3AD2-4189-92D7-253F1CC8F44D}
		{D1E29652-01E6-4F80-A186-04220E377F06} = {BD2FC8DE-3AD2-4189-92D7-253F1CC8F44D}
		{C85136C3-D1EC-419F-8649-37AFB4C4C616} = {BD2FC8DE-3AD2-4189-92D7-253F1CC8F44D}
		{CF32C13B-7646-43E6-B01E-46F7C75F3FF2} = {BD2FC8DE-3AD2-4189-92D7-253F1CC8F44D}
		{C668278B-57FA-4F4E-BC55-EA886ABB2837} = {B7FC529C-7C1C-43D5-9468-0C1EF903C268}
		{844A9588-40D2-46C2-BD11-C9BFA3967605} = {B7FC529C-7C1C-43D5-9468-0C1EF903C268}
		{80F5C428-99AA-43CF-9502-44E5A7A3A8EB} = {B7FC529C-7C1C-43D5-9468-0C1EF903C268}
		{F2A1C915-759A-4639-8F2F-80416E7EED9E} = {B7FC529C-7C1C-43D5-9468-0C1EF903C268}
		{B2ACFC28-F036-4084-A1F5-8F0F60FFB03F} = {49059DC4-DDFB-4756-A98D-F6D763A7900C}
		{A8349F75-2879-47E0-8291-D9338AF54B38} = {49059DC4-DDFB-4756-A98D-F6D763A7900C}
		{A754AF17-8746-4FAA-860F-72BBD8390917} = {49059DC4-DDFB-4756-A98D-F6D763A7900C}
		{D047C217-4478-4D67-A73D-233B8E41E047} = {49059DC4-DDFB-4756-A98D-F6D763A7900C}
		{158F5764-61EE-4556-AD51-7C4E9D72D82D} = {BCEAF188-F553-45C5-8ED1-A0C69FC94ACD}
	EndGlobalSection
	GlobalSection(ExtensibilityGlobals) = postSolution
		SolutionGuid = {33467F16-9146-4F54-9885-2824845AAFA6}
	EndGlobalSection
EndGlobal
